// !$*UTF8*$!
{
	archiveVersion = 1;
	classes = {
	};
	objectVersion = 46;
	objects = {

/* Begin PBXBuildFile section */
		F5EAD9551CE4C55600AD4B83 /* AppDelegate.swift in Sources */ = {isa = PBXBuildFile; fileRef = F5EAD9541CE4C55600AD4B83 /* AppDelegate.swift */; };
		F5EAD9571CE4C55600AD4B83 /* ViewController.swift in Sources */ = {isa = PBXBuildFile; fileRef = F5EAD9561CE4C55600AD4B83 /* ViewController.swift */; };
		F5EAD95A1CE4C55600AD4B83 /* Main.storyboard in Resources */ = {isa = PBXBuildFile; fileRef = F5EAD9581CE4C55600AD4B83 /* Main.storyboard */; };
		F5EAD95C1CE4C55600AD4B83 /* Assets.xcassets in Resources */ = {isa = PBXBuildFile; fileRef = F5EAD95B1CE4C55600AD4B83 /* Assets.xcassets */; };
		F5EAD95F1CE4C55600AD4B83 /* LaunchScreen.storyboard in Resources */ = {isa = PBXBuildFile; fileRef = F5EAD95D1CE4C55600AD4B83 /* LaunchScreen.storyboard */; };
		F5EAD96B1CE4FED000AD4B83 /* oneViewController.swift in Sources */ = {isa = PBXBuildFile; fileRef = F5EAD96A1CE4FED000AD4B83 /* oneViewController.swift */; };
/* End PBXBuildFile section */

/* Begin PBXFileReference section */
		F5EAD9511CE4C55600AD4B83 /* Lu3DTouch.app */ = {isa = PBXFileReference; explicitFileType = wrapper.application; includeInIndex = 0; path = Lu3DTouch.app; sourceTree = BUILT_PRODUCTS_DIR; };
		F5EAD9541CE4C55600AD4B83 /* AppDelegate.swift */ = {isa = PBXFileReference; lastKnownFileType = sourcecode.swift; path = AppDelegate.swift; sourceTree = "<group>"; };
		F5EAD9561CE4C55600AD4B83 /* ViewController.swift */ = {isa = PBXFileReference; lastKnownFileType = sourcecode.swift; path = ViewController.swift; sourceTree = "<group>"; };
		F5EAD9591CE4C55600AD4B83 /* Base */ = {isa = PBXFileReference; lastKnownFileType = file.storyboard; name = Base; path = Base.lproj/Main.storyboard; sourceTree = "<group>"; };
		F5EAD95B1CE4C55600AD4B83 /* Assets.xcassets */ = {isa = PBXFileReference; lastKnownFileType = folder.assetcatalog; path = Assets.xcassets; sourceTree = "<group>"; };
		F5EAD95E1CE4C55600AD4B83 /* Base */ = {isa = PBXFileReference; lastKnownFileType = file.storyboard; name = Base; path = Base.lproj/LaunchScreen.storyboard; sourceTree = "<group>"; };
		F5EAD9601CE4C55600AD4B83 /* Info.plist */ = {isa = PBXFileReference; lastKnownFileType = text.plist.xml; path = Info.plist; sourceTree = "<group>"; };
		F5EAD96A1CE4FED000AD4B83 /* oneViewController.swift */ = {isa = PBXFileReference; fileEncoding = 4; lastKnownFileType = sourcecode.swift; path = oneViewController.swift; sourceTree = "<group>"; };
/* End PBXFileReference section */

/* Begin PBXFrameworksBuildPhase section */
		F5EAD94E1CE4C55600AD4B83 /* Frameworks */ = {
			isa = PBXFrameworksBuildPhase;
			buildActionMask = 2147483647;
			files = (
			);
			runOnlyForDeploymentPostprocessing = 0;
		};
/* End PBXFrameworksBuildPhase section */

/* Begin PBXGroup section */
		F5EAD9481CE4C55600AD4B83 = {
			isa = PBXGroup;
			children = (
				F5EAD9531CE4C55600AD4B83 /* Lu3DTouch */,
				F5EAD9521CE4C55600AD4B83 /* Products */,
			);
			sourceTree = "<group>";
		};
		F5EAD9521CE4C55600AD4B83 /* Products */ = {
			isa = PBXGroup;
			children = (
				F5EAD9511CE4C55600AD4B83 /* Lu3DTouch.app */,
			);
			name = Products;
			sourceTree = "<group>";
		};
		F5EAD9531CE4C55600AD4B83 /* Lu3DTouch */ = {
			isa = PBXGroup;
			children = (
				F5EAD9541CE4C55600AD4B83 /* AppDelegate.swift */,
				F5EAD9561CE4C55600AD4B83 /* ViewController.swift */,
				F5EAD96A1CE4FED000AD4B83 /* oneViewController.swift */,
				F5EAD9581CE4C55600AD4B83 /* Main.storyboard */,
				F5EAD95B1CE4C55600AD4B83 /* Assets.xcassets */,
				F5EAD95D1CE4C55600AD4B83 /* LaunchScreen.storyboard */,
				F5EAD9601CE4C55600AD4B83 /* Info.plist */,
			);
			path = Lu3DTouch;
			sourceTree = "<group>";
		};
/* End PBXGroup section */

/* Begin PBXNativeTarget section */
		F5EAD9501CE4C55600AD4B83 /* Lu3DTouch */ = {
			isa = PBXNativeTarget;
			buildConfigurationList = F5EAD9631CE4C55600AD4B83 /* Build configuration list for PBXNativeTarget "Lu3DTouch" */;
			buildPhases = (
				F5EAD94D1CE4C55600AD4B83 /* Sources */,
				F5EAD94E1CE4C55600AD4B83 /* Frameworks */,
				F5EAD94F1CE4C55600AD4B83 /* Resources */,
			);
			buildRules = (
			);
			dependencies = (
			);
			name = Lu3DTouch;
			productName = Lu3DTouch;
			productReference = F5EAD9511CE4C55600AD4B83 /* Lu3DTouch.app */;
			productType = "com.apple.product-type.application";
		};
/* End PBXNativeTarget section */

/* Begin PBXProject section */
		F5EAD9491CE4C55600AD4B83 /* Project object */ = {
			isa = PBXProject;
			attributes = {
				LastSwiftUpdateCheck = 0730;
				LastUpgradeCheck = 0730;
				ORGANIZATIONNAME = RamboLu;
				TargetAttributes = {
					F5EAD9501CE4C55600AD4B83 = {
						CreatedOnToolsVersion = 7.3.1;
						DevelopmentTeam = 2AS8FW5X2H;
					};
				};
			};
			buildConfigurationList = F5EAD94C1CE4C55600AD4B83 /* Build configuration list for PBXProject "Lu3DTouch" */;
			compatibilityVersion = "Xcode 3.2";
			developmentRegion = English;
			hasScannedForEncodings = 0;
			knownRegions = (
				en,
				Base,
			);
			mainGroup = F5EAD9481CE4C55600AD4B83;
			productRefGroup = F5EAD9521CE4C55600AD4B83 /* Products */;
			projectDirPath = "";
			projectRoot = "";
			targets = (
				F5EAD9501CE4C55600AD4B83 /* Lu3DTouch */,
			);
		};
/* End PBXProject section */

/* Begin PBXResourcesBuildPhase section */
		F5EAD94F1CE4C55600AD4B83 /* Resources */ = {
			isa = PBXResourcesBuildPhase;
			buildActionMask = 2147483647;
			files = (
				F5EAD95F1CE4C55600AD4B83 /* LaunchScreen.storyboard in Resources */,
				F5EAD95C1CE4C55600AD4B83 /* Assets.xcassets in Resources */,
				F5EAD95A1CE4C55600AD4B83 /* Main.storyboard in Resources */,
			);
			runOnlyForDeploymentPostprocessing = 0;
		};
/* End PBXResourcesBuildPhase section */

/* Begin PBXSourcesBuildPhase section */
		F5EAD94D1CE4C55600AD4B83 /* Sources */ = {
			isa = PBXSourcesBuildPhase;
			buildActionMask = 2147483647;
			files = (
				F5EAD9571CE4C55600AD4B83 /* ViewController.swift in Sources */,
				F5EAD9551CE4C55600AD4B83 /* AppDelegate.swift in Sources */,
				F5EAD96B1CE4FED000AD4B83 /* oneViewController.swift in Sources */,
			);
			runOnlyForDeploymentPostprocessing = 0;
		};
/* End PBXSourcesBuildPhase section */

/* Begin PBXVariantGroup section */
		F5EAD9581CE4C55600AD4B83 /* Main.storyboard */ = {
			isa = PBXVariantGroup;
			children = (
				F5EAD9591CE4C55600AD4B83 /* Base */,
			);
			name = Main.storyboard;
			sourceTree = "<group>";
		};
		F5EAD95D1CE4C55600AD4B83 /* LaunchScreen.storyboard */ = {
			isa = PBXVariantGroup;
			children = (
				F5EAD95E1CE4C55600AD4B83 /* Base */,
			);
			name = LaunchScreen.storyboard;
			sourceTree = "<group>";
		};
/* End PBXVariantGroup section */

/* Begin XCBuildConfiguration section */
		F5EAD9611CE4C55600AD4B83 /* Debug */ = {
			isa = XCBuildConfiguration;
			buildSettings = {
				ALWAYS_SEARCH_USER_PATHS = NO;
				CLANG_ANALYZER_NONNULL = YES;
				CLANG_CXX_LANGUAGE_STANDARD = "gnu++0x";
				CLANG_CXX_LIBRARY = "libc++";
				CLANG_ENABLE_MODULES = YES;
				CLANG_ENABLE_OBJC_ARC = YES;
				CLANG_WARN_BOOL_CONVERSION = YES;
				CLANG_WARN_CONSTANT_CONVERSION = YES;
				CLANG_WARN_DIRECT_OBJC_ISA_USAGE = YES_ERROR;
				CLANG_WARN_EMPTY_BODY = YES;
				CLANG_WARN_ENUM_CONVERSION = YES;
				CLANG_WARN_INT_CONVERSION = YES;
				CLANG_WARN_OBJC_ROOT_CLASS = YES_ERROR;
				CLANG_WARN_UNREACHABLE_CODE = YES;
				CLANG_WARN__DUPLICATE_METHOD_MATCH = YES;
				"CODE_SIGN_IDENTITY[sdk=iphoneos*]" = "iPhone Developer";
				COPY_PHASE_STRIP = NO;
				DEBUG_INFORMATION_FORMAT = dwarf;
				ENABLE_STRICT_OBJC_MSGSEND = YES;
				ENABLE_TESTABILITY = YES;
				GCC_C_LANGUAGE_STANDARD = gnu99;
				GCC_DYNAMIC_NO_PIC = NO;
				GCC_NO_COMMON_BLOCKS = YES;
				GCC_OPTIMIZATION_LEVEL = 0;
				GCC_PREPROCESSOR_DEFINITIONS = (
					"DEBUG=1",
					"$(inherited)",
				);
				GCC_WARN_64_TO_32_BIT_CONVERSION = YES;
				GCC_WARN_ABOUT_RETURN_TYPE = YES_ERROR;
				GCC_WARN_UNDECLARED_SELECTOR = YES;
				GCC_WARN_UNINITIALIZED_AUTOS = YES_AGGRESSIVE;
				GCC_WARN_UNUSED_FUNCTION = YES;
				GCC_WARN_UNUSED_VARIABLE = YES;
				IPHONEOS_DEPLOYMENT_TARGET = 9.3;
				MTL_ENABLE_DEBUG_INFO = YES;
				ONLY_ACTIVE_ARCH = YES;
				SDKROOT = iphoneos;
				SWIFT_OPTIMIZATION_LEVEL = "-Onone";
				TARGETED_DEVICE_FAMILY = "1,2";
			};
			name = Debug;
		};
		F5EAD9621CE4C55600AD4B83 /* Release */ = {
			isa = XCBuildConfiguration;
			buildSettings = {
				ALWAYS_SEARCH_USER_PATHS = NO;
				CLANG_ANALYZER_NONNULL = YES;
				CLANG_CXX_LANGUAGE_STANDARD = "gnu++0x";
				CLANG_CXX_LIBRARY = "libc++";
				CLANG_ENABLE_MODULES = YES;
				CLANG_ENABLE_OBJC_ARC = YES;
				CLANG_WARN_BOOL_CONVERSION = YES;
				CLANG_WARN_CONSTANT_CONVERSION = YES;
				CLANG_WARN_DIRECT_OBJC_ISA_USAGE = YES_ERROR;
				CLANG_WARN_EMPTY_BODY = YES;
				CLANG_WARN_ENUM_CONVERSION = YES;
				CLANG_WARN_INT_CONVERSION = YES;
				CLANG_WARN_OBJC_ROOT_CLASS = YES_ERROR;
				CLANG_WARN_UNREACHABLE_CODE = YES;
				CLANG_WARN__DUPLICATE_METHOD_MATCH = YES;
				"CODE_SIGN_IDENTITY[sdk=iphoneos*]" = "iPhone Developer";
				COPY_PHASE_STRIP = NO;
				DEBUG_INFORMATION_FORMAT = "dwarf-with-dsym";
				ENABLE_NS_ASSERTIONS = NO;
				ENABLE_STRICT_OBJC_MSGSEND = YES;
				GCC_C_LANGUAGE_STANDARD = gnu99;
				GCC_NO_COMMON_BLOCKS = YES;
				GCC_WARN_64_TO_32_BIT_CONVERSION = YES;
				GCC_WARN_ABOUT_RETURN_TYPE = YES_ERROR;
				GCC_WARN_UNDECLARED_SELECTOR = YES;
				GCC_WARN_UNINITIALIZED_AUTOS = YES_AGGRESSIVE;
				GCC_WARN_UNUSED_FUNCTION = YES;
				GCC_WARN_UNUSED_VARIABLE = YES;
				IPHONEOS_DEPLOYMENT_TARGET = 9.3;
				MTL_ENABLE_DEBUG_INFO = NO;
				SDKROOT = iphoneos;
				TARGETED_DEVICE_FAMILY = "1,2";
				VALIDATE_PRODUCT = YES;
			};
			name = Release;
		};
		F5EAD9641CE4C55600AD4B83 /* Debug */ = {
			isa = XCBuildConfiguration;
			buildSettings = {
				ASSETCATALOG_COMPILER_APPICON_NAME = AppIcon;
				INFOPLIST_FILE = Lu3DTouch/Info.plist;
				IPHONEOS_DEPLOYMENT_TARGET = 9.0;
				LD_RUNPATH_SEARCH_PATHS = "$(inherited) @executable_path/Frameworks";
				PRODUCT_BUNDLE_IDENTIFIER = RamboLu.Lu3DTouch;
				PRODUCT_NAME = "$(TARGET_NAME)";
			};
			name = Debug;
		};
		F5EAD9651CE4C55600AD4B83 /* Release */ = {
			isa = XCBuildConfiguration;
			buildSettings = {
				ASSETCATALOG_COMPILER_APPICON_NAME = AppIcon;
				INFOPLIST_FILE = Lu3DTouch/Info.plist;
				IPHONEOS_DEPLOYMENT_TARGET = 9.0;
				LD_RUNPATH_SEARCH_PATHS = "$(inherited) @executable_path/Frameworks";
				PRODUCT_BUNDLE_IDENTIFIER = RamboLu.Lu3DTouch;
				PRODUCT_NAME = "$(TARGET_NAME)";
			};
			name = Release;
		};
/* End XCBuildConfiguration section */

/* Begin XCConfigurationList section */
		F5EAD94C1CE4C55600AD4B83 /* Build configuration list for PBXProject "Lu3DTouch" */ = {
			isa = XCConfigurationList;
			buildConfigurations = (
				F5EAD9611CE4C55600AD4B83 /* Debug */,
				F5EAD9621CE4C55600AD4B83 /* Release */,
			);
			defaultConfigurationIsVisible = 0;
			defaultConfigurationName = Release;
		};
		F5EAD9631CE4C55600AD4B83 /* Build configuration list for PBXNativeTarget "Lu3DTouch" */ = {
			isa = XCConfigurationList;
			buildConfigurations = (
				F5EAD9641CE4C55600AD4B83 /* Debug */,
				F5EAD9651CE4C55600AD4B83 /* Release */,
			);
			defaultConfigurationIsVisible = 0;
			defaultConfigurationName = Release;
		};
/* End XCConfigurationList section */
	};
	rootObject = F5EAD9491CE4C55600AD4B83 /* Project object */;
}
